
Microsoft Visual Studio Solution File, Format Version 12.00
# Visual Studio Version 17
VisualStudioVersion = 17.3.32825.248
MinimumVisualStudioVersion = 10.0.40219.1
Project("{FAE04EC0-301F-11D3-BF4B-00C04F79EFBC}") = "Паттерн MVVM", "Паттерн MVVM\Паттерн MVVM.csproj", "{606328FA-6295-4598-B4D1-51A5CD7CAD2B}"
EndProject
Global
	GlobalSection(SolutionConfigurationPlatforms) = preSolution
		Debug|Any CPU = Debug|Any CPU
		Release|Any CPU = Release|Any CPU
	EndGlobalSection
	GlobalSection(ProjectConfigurationPlatforms) = postSolution
		{606328FA-6295-4598-B4D1-51A5CD7CAD2B}.Debug|Any CPU.ActiveCfg = Debug|Any CPU
		{606328FA-6295-4598-B4D1-51A5CD7CAD2B}.Debug|Any CPU.Build.0 = Debug|Any CPU
		{606328FA-6295-4598-B4D1-51A5CD7CAD2B}.Release|Any CPU.ActiveCfg = Release|Any CPU
		{606328FA-6295-4598-B4D1-51A5CD7CAD2B}.Release|Any CPU.Build.0 = Release|Any CPU
	EndGlobalSection
	GlobalSection(SolutionProperties) = preSolution
		HideSolutionNode = FALSE
	EndGlobalSection
	GlobalSection(ExtensibilityGlobals) = postSolution
		SolutionGuid = {8AC73951-BF01-49BE-A552-2AF03ABBEAD3}
	EndGlobalSection
EndGlobal
